{
  "lockfileVersion": 1,
  "workspaces": {
    "": {
      "name": "kg-scan",
      "dependencies": {
        "@types/fs-extra": "^11.0.4",
        "chokidar": "^4.0.3",
        "es-toolkit": "^1.32.0",
        "fdir": "^6.4.3",
        "fs-extra": "^11.3.0",
        "hash-wasm": "^4.12.0",
        "meilisearch": "^0.49.0",
        "slash": "^5.1.0",
      },
      "devDependencies": {
        "@types/bun": "latest",
      },
      "peerDependencies": {
        "typescript": "^5",
      },
    },
  },
  "packages": {
    "@types/bun": ["@types/bun@1.2.3", "https://registry.npmmirror.com/@types/bun/-/bun-1.2.3.tgz", { "dependencies": { "bun-types": "1.2.3" } }, "sha512-054h79ipETRfjtsCW9qJK8Ipof67Pw9bodFWmkfkaUaRiIQ1dIV2VTlheshlBx3mpKr0KeK8VqnMMCtgN9rQtw=="],

    "@types/fs-extra": ["@types/fs-extra@11.0.4", "https://registry.npmmirror.com/@types/fs-extra/-/fs-extra-11.0.4.tgz", { "dependencies": { "@types/jsonfile": "*", "@types/node": "*" } }, "sha512-yTbItCNreRooED33qjunPthRcSjERP1r4MqCZc7wv0u2sUkzTFp45tgUfS5+r7FrZPdmCCNflLhVSP/o+SemsQ=="],

    "@types/jsonfile": ["@types/jsonfile@6.1.4", "https://registry.npmmirror.com/@types/jsonfile/-/jsonfile-6.1.4.tgz", { "dependencies": { "@types/node": "*" } }, "sha512-D5qGUYwjvnNNextdU59/+fI+spnwtTFmyQP0h+PfIOSkNfpU6AOICUOkm4i0OnSk+NyjdPJrxCDro0sJsWlRpQ=="],

    "@types/node": ["@types/node@22.13.5", "https://registry.npmmirror.com/@types/node/-/node-22.13.5.tgz", { "dependencies": { "undici-types": "~6.20.0" } }, "sha512-+lTU0PxZXn0Dr1NBtC7Y8cR21AJr87dLLU953CWA6pMxxv/UDc7jYAY90upcrie1nRcD6XNG5HOYEDtgW5TxAg=="],

    "@types/ws": ["@types/ws@8.5.14", "https://registry.npmmirror.com/@types/ws/-/ws-8.5.14.tgz", { "dependencies": { "@types/node": "*" } }, "sha512-bd/YFLW+URhBzMXurx7lWByOu+xzU9+kb3RboOteXYDfW+tr+JZa99OyNmPINEGB/ahzKrEuc8rcv4gnpJmxTw=="],

    "bun-types": ["bun-types@1.2.3", "https://registry.npmmirror.com/bun-types/-/bun-types-1.2.3.tgz", { "dependencies": { "@types/node": "*", "@types/ws": "~8.5.10" } }, "sha512-P7AeyTseLKAvgaZqQrvp3RqFM3yN9PlcLuSTe7SoJOfZkER73mLdT2vEQi8U64S1YvM/ldcNiQjn0Sn7H9lGgg=="],

    "chokidar": ["chokidar@4.0.3", "https://registry.npmmirror.com/chokidar/-/chokidar-4.0.3.tgz", { "dependencies": { "readdirp": "^4.0.1" } }, "sha512-Qgzu8kfBvo+cA4962jnP1KkS6Dop5NS6g7R5LFYJr4b8Ub94PPQXUksCw9PvXoeXPRRddRNC5C1JQUR2SMGtnA=="],

    "es-toolkit": ["es-toolkit@1.32.0", "https://registry.npmmirror.com/es-toolkit/-/es-toolkit-1.32.0.tgz", {}, "sha512-ZfSfHP1l6ubgW/B/FRtqb9bYdMvI6jizbOSfbwwJNcOQ1QE6TFsC3jpQkZ900uUPSR3t3SU5Ds7UWKnYz+uP8Q=="],

    "fdir": ["fdir@6.4.3", "https://registry.npmmirror.com/fdir/-/fdir-6.4.3.tgz", { "peerDependencies": { "picomatch": "^3 || ^4" }, "optionalPeers": ["picomatch"] }, "sha512-PMXmW2y1hDDfTSRc9gaXIuCCRpuoz3Kaz8cUelp3smouvfT632ozg2vrT6lJsHKKOF59YLbOGfAWGUcKEfRMQw=="],

    "fs-extra": ["fs-extra@11.3.0", "https://registry.npmmirror.com/fs-extra/-/fs-extra-11.3.0.tgz", { "dependencies": { "graceful-fs": "^4.2.0", "jsonfile": "^6.0.1", "universalify": "^2.0.0" } }, "sha512-Z4XaCL6dUDHfP/jT25jJKMmtxvuwbkrD1vNSMFlo9lNLY2c5FHYSQgHPRZUjAB26TpDEoW9HCOgplrdbaPV/ew=="],

    "graceful-fs": ["graceful-fs@4.2.11", "https://registry.npmmirror.com/graceful-fs/-/graceful-fs-4.2.11.tgz", {}, "sha512-RbJ5/jmFcNNCcDV5o9eTnBLJ/HszWV0P73bc+Ff4nS/rJj+YaS6IGyiOL0VoBYX+l1Wrl3k63h/KrH+nhJ0XvQ=="],

    "hash-wasm": ["hash-wasm@4.12.0", "https://registry.npmmirror.com/hash-wasm/-/hash-wasm-4.12.0.tgz", {}, "sha512-+/2B2rYLb48I/evdOIhP+K/DD2ca2fgBjp6O+GBEnCDk2e4rpeXIK8GvIyRPjTezgmWn9gmKwkQjjx6BtqDHVQ=="],

    "jsonfile": ["jsonfile@6.1.0", "https://registry.npmmirror.com/jsonfile/-/jsonfile-6.1.0.tgz", { "dependencies": { "universalify": "^2.0.0" }, "optionalDependencies": { "graceful-fs": "^4.1.6" } }, "sha512-5dgndWOriYSm5cnYaJNhalLNDKOqFwyDB/rr1E9ZsGciGvKPs8R2xYGCacuf3z6K1YKDz182fd+fY3cn3pMqXQ=="],

    "meilisearch": ["meilisearch@0.49.0", "https://registry.npmmirror.com/meilisearch/-/meilisearch-0.49.0.tgz", {}, "sha512-oMJ/e6Or6cz2+owcEKeB11p2OWiWW9NmssqOZC/KIwQB0sBGKLJ7RCpYzf+GhUIZIZ9FRYZ419ox3RGebVQX5g=="],

    "picomatch": ["picomatch@2.3.1", "https://registry.npmmirror.com/picomatch/-/picomatch-2.3.1.tgz", {}, "sha512-JU3teHTNjmE2VCGFzuY8EXzCDVwEqB2a8fsIvwaStHhAWJEeVd1o1QD80CU6+ZdEXXSLbSsuLwJjkCBWqRQUVA=="],

    "readdirp": ["readdirp@4.1.2", "https://registry.npmmirror.com/readdirp/-/readdirp-4.1.2.tgz", {}, "sha512-GDhwkLfywWL2s6vEjyhri+eXmfH6j1L7JE27WhqLeYzoh/A3DBaYGEj2H/HFZCn/kMfim73FXxEJTw06WtxQwg=="],

    "slash": ["slash@5.1.0", "https://registry.npmmirror.com/slash/-/slash-5.1.0.tgz", {}, "sha512-ZA6oR3T/pEyuqwMgAKT0/hAv8oAXckzbkmR0UkUosQ+Mc4RxGoJkRmwHgHufaenlyAgE1Mxgpdcrf75y6XcnDg=="],

    "typescript": ["typescript@5.7.3", "https://registry.npmmirror.com/typescript/-/typescript-5.7.3.tgz", { "bin": { "tsc": "bin/tsc", "tsserver": "bin/tsserver" } }, "sha512-84MVSjMEHP+FQRPy3pX9sTVV/INIex71s9TL2Gm5FG/WG1SqXeKyZ0k7/blY/4FdOzI12CBy1vGc4og/eus0fw=="],

    "undici-types": ["undici-types@6.20.0", "https://registry.npmmirror.com/undici-types/-/undici-types-6.20.0.tgz", {}, "sha512-Ny6QZ2Nju20vw1SRHe3d9jVu6gJ+4e3+MMpqu7pqE5HT6WsTSlce++GQmK5UXS8mzV8DSYHrQH+Xrf2jVcuKNg=="],

    "universalify": ["universalify@2.0.1", "https://registry.npmmirror.com/universalify/-/universalify-2.0.1.tgz", {}, "sha512-gptHNQghINnc/vTGIk0SOFGFNXw7JVrlRUtConJRlvaw6DuX0wO5Jeko9sWrMBhh+PsYAZ7oXAiOnf/UKogyiw=="],
  }
}
